
Microsoft Visual Studio Solution File, Format Version 12.00
# Visual Studio Version 16
VisualStudioVersion = 16.0.33920.266
MinimumVisualStudioVersion = 10.0.40219.1
Project("{FAE04EC0-301F-11D3-BF4B-00C04F79EFBC}") = "OnlineShop", "OnlineShop.csproj", "{393EC8EB-1273-43DE-8A9D-9872D2FFA721}"
EndProject
Project("{FAE04EC0-301F-11D3-BF4B-00C04F79EFBC}") = "OnlineShop.Tests", "..\OnlineShop.Tests\OnlineShop.Tests.csproj", "{DEAB068F-2181-4C3D-824E-83D0BF376466}"
EndProject
Global
	GlobalSection(SolutionConfigurationPlatforms) = preSolution
		Debug|Any CPU = Debug|Any CPU
		Release|Any CPU = Release|Any CPU
	EndGlobalSection
	GlobalSection(ProjectConfigurationPlatforms) = postSolution
		{393EC8EB-1273-43DE-8A9D-9872D2FFA721}.Debug|Any CPU.ActiveCfg = Debug|Any CPU
		{393EC8EB-1273-43DE-8A9D-9872D2FFA721}.Debug|Any CPU.Build.0 = Debug|Any CPU
		{393EC8EB-1273-43DE-8A9D-9872D2FFA721}.Release|Any CPU.ActiveCfg = Release|Any CPU
		{393EC8EB-1273-43DE-8A9D-9872D2FFA721}.Release|Any CPU.Build.0 = Release|Any CPU
		{DEAB068F-2181-4C3D-824E-83D0BF376466}.Debug|Any CPU.ActiveCfg = Debug|Any CPU
		{DEAB068F-2181-4C3D-824E-83D0BF376466}.Debug|Any CPU.Build.0 = Debug|Any CPU
		{DEAB068F-2181-4C3D-824E-83D0BF376466}.Release|Any CPU.ActiveCfg = Release|Any CPU
		{DEAB068F-2181-4C3D-824E-83D0BF376466}.Release|Any CPU.Build.0 = Release|Any CPU
	EndGlobalSection
	GlobalSection(SolutionProperties) = preSolution
		HideSolutionNode = FALSE
	EndGlobalSection
	GlobalSection(ExtensibilityGlobals) = postSolution
		SolutionGuid = {366E536B-9625-4F84-BEC6-425168E2161B}
	EndGlobalSection
EndGlobal
